
Microsoft Visual Studio Solution File, Format Version 12.00
# Visual Studio Version 17
VisualStudioVersion = 17.0.31903.59
MinimumVisualStudioVersion = 10.0.40219.1
Project("{FAE04EC0-301F-11D3-BF4B-00C04F79EFBC}") = "MeuJogo", "MeuJogo\MeuJogo.csproj", "{BC462B2F-A09F-4270-8EFF-AA6AF530040B}"
EndProject
Global
	GlobalSection(SolutionConfigurationPlatforms) = preSolution
		Debug|Any CPU = Debug|Any CPU
		Release|Any CPU = Release|Any CPU
	EndGlobalSection
	GlobalSection(ProjectConfigurationPlatforms) = postSolution
		{BC462B2F-A09F-4270-8EFF-AA6AF530040B}.Debug|Any CPU.ActiveCfg = Debug|Any CPU
		{BC462B2F-A09F-4270-8EFF-AA6AF530040B}.Debug|Any CPU.Build.0 = Debug|Any CPU
		{BC462B2F-A09F-4270-8EFF-AA6AF530040B}.Release|Any CPU.ActiveCfg = Release|Any CPU
		{BC462B2F-A09F-4270-8EFF-AA6AF530040B}.Release|Any CPU.Build.0 = Release|Any CPU
	EndGlobalSection
	GlobalSection(SolutionProperties) = preSolution
		HideSolutionNode = FALSE
	EndGlobalSection
	GlobalSection(ExtensibilityGlobals) = postSolution
		SolutionGuid = {8672B64C-C178-46ED-B6D5-C54F688AB273}
	EndGlobalSection
EndGlobal
