
Microsoft Visual Studio Solution File, Format Version 12.00
# Visual Studio Version 17
VisualStudioVersion = 17.0.31903.59
MinimumVisualStudioVersion = 10.0.40219.1
Project("{FAE04EC0-301F-11D3-BF4B-00C04F79EFBC}") = "PongLy", "PongLy\PongLy.csproj", "{6BCC385D-E0A1-4DAA-A0F2-0333A3A45AA4}"
EndProject
Global
	GlobalSection(SolutionConfigurationPlatforms) = preSolution
		Debug|Any CPU = Debug|Any CPU
		Release|Any CPU = Release|Any CPU
	EndGlobalSection
	GlobalSection(ProjectConfigurationPlatforms) = postSolution
		{6BCC385D-E0A1-4DAA-A0F2-0333A3A45AA4}.Debug|Any CPU.ActiveCfg = Debug|Any CPU
		{6BCC385D-E0A1-4DAA-A0F2-0333A3A45AA4}.Debug|Any CPU.Build.0 = Debug|Any CPU
		{6BCC385D-E0A1-4DAA-A0F2-0333A3A45AA4}.Release|Any CPU.ActiveCfg = Release|Any CPU
		{6BCC385D-E0A1-4DAA-A0F2-0333A3A45AA4}.Release|Any CPU.Build.0 = Release|Any CPU
	EndGlobalSection
	GlobalSection(SolutionProperties) = preSolution
		HideSolutionNode = FALSE
	EndGlobalSection
	GlobalSection(ExtensibilityGlobals) = postSolution
		SolutionGuid = {CBD7B7C8-07BC-4496-89C4-D21C2039A9A6}
	EndGlobalSection
EndGlobal
